{
  "originHash" : "7cc89f11107a3d17aa29a29889654cf5188b3fee514292ee2afedde3c0e0a07a",
  "pins" : [
    {
      "identity" : "metalsplatter",
      "kind" : "remoteSourceControl",
      "location" : "https://github.com/scier/MetalSplatter.git",
      "state" : {
        "branch" : "main",
        "revision" : "71ff248e3016ac43c0a9271e322538421b28c360"
      }
    },
    {
      "identity" : "spz-swift",
      "kind" : "remoteSourceControl",
      "location" : "https://github.com/scier/spz-swift.git",
      "state" : {
        "revision" : "e2410c91bceba2539c11157ad92e488ef6e16416",
        "version" : "2.1.0"
      }
    },
    {
      "identity" : "swift-argument-parser",
      "kind" : "remoteSourceControl",
      "location" : "https://github.com/apple/swift-argument-parser",
      "state" : {
        "revision" : "626b5b7b2f45e1b0b1c6f4a309296d1d21d7311b",
        "version" : "1.7.1"
      }
    }
  ],
  "version" : 3
}
